
Microsoft Visual Studio Solution File, Format Version 12.00
# Visual Studio 15
VisualStudioVersion = 15.0.28307.421
MinimumVisualStudioVersion = 10.0.40219.1
Project("{FAE04EC0-301F-11D3-BF4B-00C04F79EFBC}") = "EFCacheContains", "EFCacheContains\EFCacheContains.csproj", "{8F08301E-F595-428B-B15F-D4A7C2A639B9}"
EndProject
Project("{FAE04EC0-301F-11D3-BF4B-00C04F79EFBC}") = "EFCacheContainsTest", "EFCacheContainsTest\EFCacheContainsTest.csproj", "{997CC37E-82CA-4DA7-8689-03820A6F80F0}"
EndProject
Global
	GlobalSection(SolutionConfigurationPlatforms) = preSolution
		Debug|Any CPU = Debug|Any CPU
		Release|Any CPU = Release|Any CPU
	EndGlobalSection
	GlobalSection(ProjectConfigurationPlatforms) = postSolution
		{8F08301E-F595-428B-B15F-D4A7C2A639B9}.Debug|Any CPU.ActiveCfg = Debug|Any CPU
		{8F08301E-F595-428B-B15F-D4A7C2A639B9}.Debug|Any CPU.Build.0 = Debug|Any CPU
		{8F08301E-F595-428B-B15F-D4A7C2A639B9}.Release|Any CPU.ActiveCfg = Release|Any CPU
		{8F08301E-F595-428B-B15F-D4A7C2A639B9}.Release|Any CPU.Build.0 = Release|Any CPU
		{997CC37E-82CA-4DA7-8689-03820A6F80F0}.Debug|Any CPU.ActiveCfg = Debug|Any CPU
		{997CC37E-82CA-4DA7-8689-03820A6F80F0}.Debug|Any CPU.Build.0 = Debug|Any CPU
		{997CC37E-82CA-4DA7-8689-03820A6F80F0}.Release|Any CPU.ActiveCfg = Release|Any CPU
		{997CC37E-82CA-4DA7-8689-03820A6F80F0}.Release|Any CPU.Build.0 = Release|Any CPU
	EndGlobalSection
	GlobalSection(SolutionProperties) = preSolution
		HideSolutionNode = FALSE
	EndGlobalSection
	GlobalSection(ExtensibilityGlobals) = postSolution
		SolutionGuid = {1D859CA0-D3FE-4A42-9F1A-EB0093AF7F6E}
	EndGlobalSection
EndGlobal
